
Microsoft Visual Studio Solution File, Format Version 12.00
# Visual Studio Version 17
VisualStudioVersion = 17.9.34622.214
MinimumVisualStudioVersion = 10.0.40219.1
Project("{888888A0-9F3D-457C-B088-3A5042F75D52}") = "Feature_button_GUI", "Feature_button_GUI.pyproj", "{7AEBE4FC-25A5-4EA6-8EA0-0534F879B18A}"
EndProject
Global
	GlobalSection(SolutionConfigurationPlatforms) = preSolution
		Debug|Any CPU = Debug|Any CPU
		Release|Any CPU = Release|Any CPU
	EndGlobalSection
	GlobalSection(ProjectConfigurationPlatforms) = postSolution
		{7AEBE4FC-25A5-4EA6-8EA0-0534F879B18A}.Debug|Any CPU.ActiveCfg = Debug|Any CPU
		{7AEBE4FC-25A5-4EA6-8EA0-0534F879B18A}.Release|Any CPU.ActiveCfg = Release|Any CPU
	EndGlobalSection
	GlobalSection(SolutionProperties) = preSolution
		HideSolutionNode = FALSE
	EndGlobalSection
	GlobalSection(ExtensibilityGlobals) = postSolution
		SolutionGuid = {247FE2E2-7AF2-471C-8B46-76FC290EC4B0}
	EndGlobalSection
EndGlobal
